
Microsoft Visual Studio Solution File, Format Version 12.00
# Visual Studio Version 17
VisualStudioVersion = 17.14.37216.2 d17.14
MinimumVisualStudioVersion = 10.0.40219.1
Project("{FAE04EC0-301F-11D3-BF4B-00C04F79EFBC}") = "Homework6", "Homework6\Homework6.csproj", "{5A46E107-8D07-4CB9-A3D7-739E0BB74B80}"
EndProject
Global
	GlobalSection(SolutionConfigurationPlatforms) = preSolution
		Debug|Any CPU = Debug|Any CPU
		Release|Any CPU = Release|Any CPU
	EndGlobalSection
	GlobalSection(ProjectConfigurationPlatforms) = postSolution
		{5A46E107-8D07-4CB9-A3D7-739E0BB74B80}.Debug|Any CPU.ActiveCfg = Debug|Any CPU
		{5A46E107-8D07-4CB9-A3D7-739E0BB74B80}.Debug|Any CPU.Build.0 = Debug|Any CPU
		{5A46E107-8D07-4CB9-A3D7-739E0BB74B80}.Release|Any CPU.ActiveCfg = Release|Any CPU
		{5A46E107-8D07-4CB9-A3D7-739E0BB74B80}.Release|Any CPU.Build.0 = Release|Any CPU
	EndGlobalSection
	GlobalSection(SolutionProperties) = preSolution
		HideSolutionNode = FALSE
	EndGlobalSection
	GlobalSection(ExtensibilityGlobals) = postSolution
		SolutionGuid = {7A2A906E-B7A0-4E60-AE2A-09CA208E680A}
	EndGlobalSection
EndGlobal
