
Microsoft Visual Studio Solution File, Format Version 12.00
# Visual Studio Version 17
VisualStudioVersion = 17.14.36930.0 d17.14
MinimumVisualStudioVersion = 10.0.40219.1
Project("{FAE04EC0-301F-11D3-BF4B-00C04F79EFBC}") = "Homework1", "Homework1\Homework1.csproj", "{EB0EA037-7D10-4AF4-8A30-904D15497FDE}"
EndProject
Global
	GlobalSection(SolutionConfigurationPlatforms) = preSolution
		Debug|Any CPU = Debug|Any CPU
		Release|Any CPU = Release|Any CPU
	EndGlobalSection
	GlobalSection(ProjectConfigurationPlatforms) = postSolution
		{EB0EA037-7D10-4AF4-8A30-904D15497FDE}.Debug|Any CPU.ActiveCfg = Debug|Any CPU
		{EB0EA037-7D10-4AF4-8A30-904D15497FDE}.Debug|Any CPU.Build.0 = Debug|Any CPU
		{EB0EA037-7D10-4AF4-8A30-904D15497FDE}.Release|Any CPU.ActiveCfg = Release|Any CPU
		{EB0EA037-7D10-4AF4-8A30-904D15497FDE}.Release|Any CPU.Build.0 = Release|Any CPU
	EndGlobalSection
	GlobalSection(SolutionProperties) = preSolution
		HideSolutionNode = FALSE
	EndGlobalSection
	GlobalSection(ExtensibilityGlobals) = postSolution
		SolutionGuid = {E26D8D31-10F3-4799-8090-29980C5ECDA4}
	EndGlobalSection
EndGlobal
