
Microsoft Visual Studio Solution File, Format Version 12.00
# Visual Studio Version 17
VisualStudioVersion = 17.14.37411.7 d17.14
MinimumVisualStudioVersion = 10.0.40219.1
Project("{FAE04EC0-301F-11D3-BF4B-00C04F79EFBC}") = "TradeServices", "TradeServices\TradeServices.csproj", "{DD1681C8-226C-4A49-B18D-5BF45F59E50B}"
EndProject
Project("{FAE04EC0-301F-11D3-BF4B-00C04F79EFBC}") = "TradeSOAPService", "TradeSOAPService\TradeSOAPService.csproj", "{974DB61A-6FA1-4EFD-8E8D-90071E1F56EE}"
EndProject
Project("{2150E333-8FDC-42A3-9474-1A3956D46DE8}") = "Solution Items", "Solution Items", "{02EA681E-C7D8-13C7-8484-4AC65E1B71E8}"
	ProjectSection(SolutionItems) = preProject
		.editorconfig = .editorconfig
	EndProjectSection
EndProject
Project("{FAE04EC0-301F-11D3-BF4B-00C04F79EFBC}") = "ProductClientApp", "ProductClientApp\ProductClientApp.csproj", "{94BA1DBC-EB89-4C40-AE12-461A966BBB5F}"
EndProject
Global
	GlobalSection(SolutionConfigurationPlatforms) = preSolution
		Debug|Any CPU = Debug|Any CPU
		Release|Any CPU = Release|Any CPU
	EndGlobalSection
	GlobalSection(ProjectConfigurationPlatforms) = postSolution
		{DD1681C8-226C-4A49-B18D-5BF45F59E50B}.Debug|Any CPU.ActiveCfg = Debug|Any CPU
		{DD1681C8-226C-4A49-B18D-5BF45F59E50B}.Debug|Any CPU.Build.0 = Debug|Any CPU
		{DD1681C8-226C-4A49-B18D-5BF45F59E50B}.Release|Any CPU.ActiveCfg = Release|Any CPU
		{DD1681C8-226C-4A49-B18D-5BF45F59E50B}.Release|Any CPU.Build.0 = Release|Any CPU
		{974DB61A-6FA1-4EFD-8E8D-90071E1F56EE}.Debug|Any CPU.ActiveCfg = Debug|Any CPU
		{974DB61A-6FA1-4EFD-8E8D-90071E1F56EE}.Debug|Any CPU.Build.0 = Debug|Any CPU
		{974DB61A-6FA1-4EFD-8E8D-90071E1F56EE}.Release|Any CPU.ActiveCfg = Release|Any CPU
		{974DB61A-6FA1-4EFD-8E8D-90071E1F56EE}.Release|Any CPU.Build.0 = Release|Any CPU
		{94BA1DBC-EB89-4C40-AE12-461A966BBB5F}.Debug|Any CPU.ActiveCfg = Debug|Any CPU
		{94BA1DBC-EB89-4C40-AE12-461A966BBB5F}.Debug|Any CPU.Build.0 = Debug|Any CPU
		{94BA1DBC-EB89-4C40-AE12-461A966BBB5F}.Release|Any CPU.ActiveCfg = Release|Any CPU
		{94BA1DBC-EB89-4C40-AE12-461A966BBB5F}.Release|Any CPU.Build.0 = Release|Any CPU
	EndGlobalSection
	GlobalSection(SolutionProperties) = preSolution
		HideSolutionNode = FALSE
	EndGlobalSection
	GlobalSection(ExtensibilityGlobals) = postSolution
		SolutionGuid = {09F6D785-C04F-44FD-B8BF-F6DD5B84594C}
	EndGlobalSection
EndGlobal
