
Microsoft Visual Studio Solution File, Format Version 12.00
# Visual Studio Version 17
VisualStudioVersion = 17.14.36930.0
MinimumVisualStudioVersion = 10.0.40219.1
Project("{FAE04EC0-301F-11D3-BF4B-00C04F79EFBC}") = "Problem1", "Samples\Problem1.csproj", "{FD0D8E5C-AD6F-4B57-901C-D4199A7D51E8}"
EndProject
Project("{FAE04EC0-301F-11D3-BF4B-00C04F79EFBC}") = "Problem2", "Problem2\Problem2.csproj", "{F8F3B1A7-77FE-4828-A645-D4978364D632}"
EndProject
Project("{FAE04EC0-301F-11D3-BF4B-00C04F79EFBC}") = "Problem3", "Problem3\Problem3.csproj", "{765A5C62-1581-41BF-9BF3-F52B8343DD75}"
EndProject
Global
	GlobalSection(SolutionConfigurationPlatforms) = preSolution
		Debug|Any CPU = Debug|Any CPU
		Release|Any CPU = Release|Any CPU
	EndGlobalSection
	GlobalSection(ProjectConfigurationPlatforms) = postSolution
		{FD0D8E5C-AD6F-4B57-901C-D4199A7D51E8}.Debug|Any CPU.ActiveCfg = Debug|Any CPU
		{FD0D8E5C-AD6F-4B57-901C-D4199A7D51E8}.Debug|Any CPU.Build.0 = Debug|Any CPU
		{FD0D8E5C-AD6F-4B57-901C-D4199A7D51E8}.Release|Any CPU.ActiveCfg = Release|Any CPU
		{FD0D8E5C-AD6F-4B57-901C-D4199A7D51E8}.Release|Any CPU.Build.0 = Release|Any CPU
		{F8F3B1A7-77FE-4828-A645-D4978364D632}.Debug|Any CPU.ActiveCfg = Debug|Any CPU
		{F8F3B1A7-77FE-4828-A645-D4978364D632}.Debug|Any CPU.Build.0 = Debug|Any CPU
		{F8F3B1A7-77FE-4828-A645-D4978364D632}.Release|Any CPU.ActiveCfg = Release|Any CPU
		{F8F3B1A7-77FE-4828-A645-D4978364D632}.Release|Any CPU.Build.0 = Release|Any CPU
		{765A5C62-1581-41BF-9BF3-F52B8343DD75}.Debug|Any CPU.ActiveCfg = Debug|Any CPU
		{765A5C62-1581-41BF-9BF3-F52B8343DD75}.Debug|Any CPU.Build.0 = Debug|Any CPU
		{765A5C62-1581-41BF-9BF3-F52B8343DD75}.Release|Any CPU.ActiveCfg = Release|Any CPU
		{765A5C62-1581-41BF-9BF3-F52B8343DD75}.Release|Any CPU.Build.0 = Release|Any CPU
	EndGlobalSection
	GlobalSection(SolutionProperties) = preSolution
		HideSolutionNode = FALSE
	EndGlobalSection
	GlobalSection(ExtensibilityGlobals) = postSolution
		SolutionGuid = {E4F71FDB-5344-4A92-9662-4C5B7983E11E}
	EndGlobalSection
EndGlobal
