
Microsoft Visual Studio Solution File, Format Version 12.00
# Visual Studio Version 17
VisualStudioVersion = 17.14.37216.2
MinimumVisualStudioVersion = 10.0.40219.1
Project("{FAE04EC0-301F-11D3-BF4B-00C04F79EFBC}") = "CashRegisterUserControl", "CashRegisterUserControl\CashRegisterUserControl.csproj", "{0F7A5977-7560-4F09-BB3C-EE7068C035FA}"
EndProject
Project("{FAE04EC0-301F-11D3-BF4B-00C04F79EFBC}") = "CashRegisterApp", "CashRegisterApp\CashRegisterApp.csproj", "{86695353-8634-4268-B51F-02B7678DD97C}"
EndProject
Project("{FAE04EC0-301F-11D3-BF4B-00C04F79EFBC}") = "CommandReverse", "CommandReverse\CommandReverse.csproj", "{7B538210-D0AC-FF78-1A34-AADA25114311}"
EndProject
Global
	GlobalSection(SolutionConfigurationPlatforms) = preSolution
		Debug|Any CPU = Debug|Any CPU
		Release|Any CPU = Release|Any CPU
	EndGlobalSection
	GlobalSection(ProjectConfigurationPlatforms) = postSolution
		{0F7A5977-7560-4F09-BB3C-EE7068C035FA}.Debug|Any CPU.ActiveCfg = Debug|Any CPU
		{0F7A5977-7560-4F09-BB3C-EE7068C035FA}.Debug|Any CPU.Build.0 = Debug|Any CPU
		{0F7A5977-7560-4F09-BB3C-EE7068C035FA}.Release|Any CPU.ActiveCfg = Release|Any CPU
		{0F7A5977-7560-4F09-BB3C-EE7068C035FA}.Release|Any CPU.Build.0 = Release|Any CPU
		{86695353-8634-4268-B51F-02B7678DD97C}.Debug|Any CPU.ActiveCfg = Debug|Any CPU
		{86695353-8634-4268-B51F-02B7678DD97C}.Debug|Any CPU.Build.0 = Debug|Any CPU
		{86695353-8634-4268-B51F-02B7678DD97C}.Release|Any CPU.ActiveCfg = Release|Any CPU
		{86695353-8634-4268-B51F-02B7678DD97C}.Release|Any CPU.Build.0 = Release|Any CPU
		{7B538210-D0AC-FF78-1A34-AADA25114311}.Debug|Any CPU.ActiveCfg = Debug|Any CPU
		{7B538210-D0AC-FF78-1A34-AADA25114311}.Debug|Any CPU.Build.0 = Debug|Any CPU
		{7B538210-D0AC-FF78-1A34-AADA25114311}.Release|Any CPU.ActiveCfg = Release|Any CPU
		{7B538210-D0AC-FF78-1A34-AADA25114311}.Release|Any CPU.Build.0 = Release|Any CPU
	EndGlobalSection
	GlobalSection(SolutionProperties) = preSolution
		HideSolutionNode = FALSE
	EndGlobalSection
	GlobalSection(ExtensibilityGlobals) = postSolution
		SolutionGuid = {CE29DCC0-5778-4890-9A3D-DE2722C658E3}
	EndGlobalSection
EndGlobal
