
Microsoft Visual Studio Solution File, Format Version 12.00
# Visual Studio Version 17
VisualStudioVersion = 17.14.37216.2
MinimumVisualStudioVersion = 10.0.40219.1
Project("{FAE04EC0-301F-11D3-BF4B-00C04F79EFBC}") = "Problem1", "Problem1\Problem1.csproj", "{F487E18D-80EE-4F87-A585-E27C84045140}"
EndProject
Project("{FAE04EC0-301F-11D3-BF4B-00C04F79EFBC}") = "CreditInquiry", "CreditInquiry\CreditInquiry.csproj", "{E3952627-0BBF-2833-7D8E-C71297DEA4F1}"
EndProject
Project("{FAE04EC0-301F-11D3-BF4B-00C04F79EFBC}") = "SortedListSample", "Lab12P1SampleCodeF25\SortedListSample\SortedListSample.csproj", "{97EEDF5D-7E44-60CC-6D76-15D06B82975E}"
EndProject
Project("{FAE04EC0-301F-11D3-BF4B-00C04F79EFBC}") = "DictionaryDemo", "Lab12P2SampleCodeF25\DictionaryDemo\DictionaryDemo.csproj", "{BA93FFDF-B541-AF8E-9141-6ACC2A2D0DC1}"
EndProject
Global
	GlobalSection(SolutionConfigurationPlatforms) = preSolution
		Debug|Any CPU = Debug|Any CPU
		Release|Any CPU = Release|Any CPU
	EndGlobalSection
	GlobalSection(ProjectConfigurationPlatforms) = postSolution
		{F487E18D-80EE-4F87-A585-E27C84045140}.Debug|Any CPU.ActiveCfg = Debug|Any CPU
		{F487E18D-80EE-4F87-A585-E27C84045140}.Debug|Any CPU.Build.0 = Debug|Any CPU
		{F487E18D-80EE-4F87-A585-E27C84045140}.Release|Any CPU.ActiveCfg = Release|Any CPU
		{F487E18D-80EE-4F87-A585-E27C84045140}.Release|Any CPU.Build.0 = Release|Any CPU
		{E3952627-0BBF-2833-7D8E-C71297DEA4F1}.Debug|Any CPU.ActiveCfg = Debug|Any CPU
		{E3952627-0BBF-2833-7D8E-C71297DEA4F1}.Debug|Any CPU.Build.0 = Debug|Any CPU
		{E3952627-0BBF-2833-7D8E-C71297DEA4F1}.Release|Any CPU.ActiveCfg = Release|Any CPU
		{E3952627-0BBF-2833-7D8E-C71297DEA4F1}.Release|Any CPU.Build.0 = Release|Any CPU
		{97EEDF5D-7E44-60CC-6D76-15D06B82975E}.Debug|Any CPU.ActiveCfg = Debug|Any CPU
		{97EEDF5D-7E44-60CC-6D76-15D06B82975E}.Debug|Any CPU.Build.0 = Debug|Any CPU
		{97EEDF5D-7E44-60CC-6D76-15D06B82975E}.Release|Any CPU.ActiveCfg = Release|Any CPU
		{97EEDF5D-7E44-60CC-6D76-15D06B82975E}.Release|Any CPU.Build.0 = Release|Any CPU
		{BA93FFDF-B541-AF8E-9141-6ACC2A2D0DC1}.Debug|Any CPU.ActiveCfg = Debug|Any CPU
		{BA93FFDF-B541-AF8E-9141-6ACC2A2D0DC1}.Debug|Any CPU.Build.0 = Debug|Any CPU
		{BA93FFDF-B541-AF8E-9141-6ACC2A2D0DC1}.Release|Any CPU.ActiveCfg = Release|Any CPU
		{BA93FFDF-B541-AF8E-9141-6ACC2A2D0DC1}.Release|Any CPU.Build.0 = Release|Any CPU
	EndGlobalSection
	GlobalSection(SolutionProperties) = preSolution
		HideSolutionNode = FALSE
	EndGlobalSection
	GlobalSection(ExtensibilityGlobals) = postSolution
		SolutionGuid = {35F542E3-D426-4614-A6FF-1200867A05F2}
	EndGlobalSection
EndGlobal
